
Microsoft Visual Studio Solution File, Format Version 12.00
# Visual Studio Version 17
VisualStudioVersion = 17.2.32516.85
MinimumVisualStudioVersion = 10.0.40219.1
Project("{9A19103F-16F7-4668-BE54-9A1E7A4F7556}") = "Core Web API Template", "Core Web API Template\Core Web API Template.csproj", "{998FE7C5-3E42-458C-97ED-06E5DBC698DD}"
EndProject
Global
	GlobalSection(SolutionConfigurationPlatforms) = preSolution
		Debug|Any CPU = Debug|Any CPU
		Release|Any CPU = Release|Any CPU
	EndGlobalSection
	GlobalSection(ProjectConfigurationPlatforms) = postSolution
		{998FE7C5-3E42-458C-97ED-06E5DBC698DD}.Debug|Any CPU.ActiveCfg = Debug|Any CPU
		{998FE7C5-3E42-458C-97ED-06E5DBC698DD}.Debug|Any CPU.Build.0 = Debug|Any CPU
		{998FE7C5-3E42-458C-97ED-06E5DBC698DD}.Release|Any CPU.ActiveCfg = Release|Any CPU
		{998FE7C5-3E42-458C-97ED-06E5DBC698DD}.Release|Any CPU.Build.0 = Release|Any CPU
	EndGlobalSection
	GlobalSection(SolutionProperties) = preSolution
		HideSolutionNode = FALSE
	EndGlobalSection
	GlobalSection(ExtensibilityGlobals) = postSolution
		SolutionGuid = {CE765EDE-3C73-478F-B078-5C448F7C0A9A}
	EndGlobalSection
EndGlobal
